// !$*UTF8*$!
{
	archiveVersion = 1;
	classes = {
	};
	objectVersion = 56;
	objects = {

/* Begin PBXBuildFile section */
		171B3EAF2AA1A175006ACF4E /* ButtonTapDelegate.swift in Sources */ = {isa = PBXBuildFile; fileRef = 171B3EAE2AA1A175006ACF4E /* ButtonTapDelegate.swift */; };
		1745E3752A9F006F00898F22 /* AppDelegate.swift in Sources */ = {isa = PBXBuildFile; fileRef = 1745E3742A9F006F00898F22 /* AppDelegate.swift */; };
		1745E3772A9F006F00898F22 /* SceneDelegate.swift in Sources */ = {isa = PBXBuildFile; fileRef = 1745E3762A9F006F00898F22 /* SceneDelegate.swift */; };
		1745E3792A9F006F00898F22 /* PostViewController.swift in Sources */ = {isa = PBXBuildFile; fileRef = 1745E3782A9F006F00898F22 /* PostViewController.swift */; };
		1745E37C2A9F006F00898F22 /* Main.storyboard in Resources */ = {isa = PBXBuildFile; fileRef = 1745E37A2A9F006F00898F22 /* Main.storyboard */; };
		1745E37F2A9F006F00898F22 /* PostAndLike.xcdatamodeld in Sources */ = {isa = PBXBuildFile; fileRef = 1745E37D2A9F006F00898F22 /* PostAndLike.xcdatamodeld */; };
		1745E3812A9F007000898F22 /* Assets.xcassets in Resources */ = {isa = PBXBuildFile; fileRef = 1745E3802A9F007000898F22 /* Assets.xcassets */; };
		1745E3842A9F007000898F22 /* LaunchScreen.storyboard in Resources */ = {isa = PBXBuildFile; fileRef = 1745E3822A9F007000898F22 /* LaunchScreen.storyboard */; };
		1745E38F2A9F007000898F22 /* PostAndLikeTests.swift in Sources */ = {isa = PBXBuildFile; fileRef = 1745E38E2A9F007000898F22 /* PostAndLikeTests.swift */; };
		1745E3992A9F007000898F22 /* PostAndLikeUITests.swift in Sources */ = {isa = PBXBuildFile; fileRef = 1745E3982A9F007000898F22 /* PostAndLikeUITests.swift */; };
		1745E39B2A9F007000898F22 /* PostAndLikeUITestsLaunchTests.swift in Sources */ = {isa = PBXBuildFile; fileRef = 1745E39A2A9F007000898F22 /* PostAndLikeUITestsLaunchTests.swift */; };
		1745E3A92A9F049000898F22 /* PostTableViewAdapter.swift in Sources */ = {isa = PBXBuildFile; fileRef = 1745E3A82A9F049000898F22 /* PostTableViewAdapter.swift */; };
		1745E3AC2A9F061600898F22 /* PostTableViewCell.swift in Sources */ = {isa = PBXBuildFile; fileRef = 1745E3AB2A9F061600898F22 /* PostTableViewCell.swift */; };
		1745E3AF2A9F083300898F22 /* PostModel.swift in Sources */ = {isa = PBXBuildFile; fileRef = 1745E3AE2A9F083300898F22 /* PostModel.swift */; };
		1745E3B22A9F090A00898F22 /* Network.swift in Sources */ = {isa = PBXBuildFile; fileRef = 1745E3B12A9F090A00898F22 /* Network.swift */; };
		1745E3B52A9F0BF100898F22 /* Constant.swift in Sources */ = {isa = PBXBuildFile; fileRef = 1745E3B42A9F0BF100898F22 /* Constant.swift */; };
		1745E3B82A9F0C2300898F22 /* PostViewModel.swift in Sources */ = {isa = PBXBuildFile; fileRef = 1745E3B72A9F0C2300898F22 /* PostViewModel.swift */; };
		1753CF0C2A9F3D0800906072 /* PostPersistantManager.swift in Sources */ = {isa = PBXBuildFile; fileRef = 1753CF0B2A9F3D0800906072 /* PostPersistantManager.swift */; };
		1753CF0F2A9FAC7E00906072 /* CommentsViewController.swift in Sources */ = {isa = PBXBuildFile; fileRef = 1753CF0E2A9FAC7E00906072 /* CommentsViewController.swift */; };
		176A7E772AA104A1002330AD /* FavouriteTableViewCell.swift in Sources */ = {isa = PBXBuildFile; fileRef = 176A7E762AA104A1002330AD /* FavouriteTableViewCell.swift */; };
		176A7E792AA10578002330AD /* FavouriteTableViewAdapter.swift in Sources */ = {isa = PBXBuildFile; fileRef = 176A7E782AA10578002330AD /* FavouriteTableViewAdapter.swift */; };
		176A7E7B2AA10D6E002330AD /* FavouriteViewController.swift in Sources */ = {isa = PBXBuildFile; fileRef = 176A7E7A2AA10D6E002330AD /* FavouriteViewController.swift */; };
		17CF82092AA04A73003485A5 /* CommentsTableviewAdapter.swift in Sources */ = {isa = PBXBuildFile; fileRef = 17CF82082AA04A73003485A5 /* CommentsTableviewAdapter.swift */; };
		17CF820B2AA04AFE003485A5 /* CommentsViewModel.swift in Sources */ = {isa = PBXBuildFile; fileRef = 17CF820A2AA04AFE003485A5 /* CommentsViewModel.swift */; };
		17CF820E2AA04BA3003485A5 /* RefreshDelegate.swift in Sources */ = {isa = PBXBuildFile; fileRef = 17CF820D2AA04BA3003485A5 /* RefreshDelegate.swift */; };
		17CF82122AA052D7003485A5 /* CommentsTableViewCell.swift in Sources */ = {isa = PBXBuildFile; fileRef = 17CF82112AA052D7003485A5 /* CommentsTableViewCell.swift */; };
		17CF82142AA084DA003485A5 /* CommentPersistantManager.swift in Sources */ = {isa = PBXBuildFile; fileRef = 17CF82132AA084DA003485A5 /* CommentPersistantManager.swift */; };
		17CF82162AA09435003485A5 /* CommentModel.swift in Sources */ = {isa = PBXBuildFile; fileRef = 17CF82152AA09435003485A5 /* CommentModel.swift */; };
/* End PBXBuildFile section */

/* Begin PBXContainerItemProxy section */
		1745E38B2A9F007000898F22 /* PBXContainerItemProxy */ = {
			isa = PBXContainerItemProxy;
			containerPortal = 1745E3692A9F006F00898F22 /* Project object */;
			proxyType = 1;
			remoteGlobalIDString = 1745E3702A9F006F00898F22;
			remoteInfo = PostAndLike;
		};
		1745E3952A9F007000898F22 /* PBXContainerItemProxy */ = {
			isa = PBXContainerItemProxy;
			containerPortal = 1745E3692A9F006F00898F22 /* Project object */;
			proxyType = 1;
			remoteGlobalIDString = 1745E3702A9F006F00898F22;
			remoteInfo = PostAndLike;
		};
/* End PBXContainerItemProxy section */

/* Begin PBXFileReference section */
		171B3EAE2AA1A175006ACF4E /* ButtonTapDelegate.swift */ = {isa = PBXFileReference; lastKnownFileType = sourcecode.swift; path = ButtonTapDelegate.swift; sourceTree = "<group>"; };
		1745E3712A9F006F00898F22 /* PostAndLike.app */ = {isa = PBXFileReference; explicitFileType = wrapper.application; includeInIndex = 0; path = PostAndLike.app; sourceTree = BUILT_PRODUCTS_DIR; };
		1745E3742A9F006F00898F22 /* AppDelegate.swift */ = {isa = PBXFileReference; lastKnownFileType = sourcecode.swift; path = AppDelegate.swift; sourceTree = "<group>"; };
		1745E3762A9F006F00898F22 /* SceneDelegate.swift */ = {isa = PBXFileReference; lastKnownFileType = sourcecode.swift; path = SceneDelegate.swift; sourceTree = "<group>"; };
		1745E3782A9F006F00898F22 /* PostViewController.swift */ = {isa = PBXFileReference; lastKnownFileType = sourcecode.swift; path = PostViewController.swift; sourceTree = "<group>"; };
		1745E37B2A9F006F00898F22 /* Base */ = {isa = PBXFileReference; lastKnownFileType = file.storyboard; name = Base; path = Base.lproj/Main.storyboard; sourceTree = "<group>"; };
		1745E37E2A9F006F00898F22 /* PostAndLike.xcdatamodel */ = {isa = PBXFileReference; lastKnownFileType = wrapper.xcdatamodel; path = PostAndLike.xcdatamodel; sourceTree = "<group>"; };
		1745E3802A9F007000898F22 /* Assets.xcassets */ = {isa = PBXFileReference; lastKnownFileType = folder.assetcatalog; path = Assets.xcassets; sourceTree = "<group>"; };
		1745E3832A9F007000898F22 /* Base */ = {isa = PBXFileReference; lastKnownFileType = file.storyboard; name = Base; path = Base.lproj/LaunchScreen.storyboard; sourceTree = "<group>"; };
		1745E3852A9F007000898F22 /* Info.plist */ = {isa = PBXFileReference; lastKnownFileType = text.plist.xml; path = Info.plist; sourceTree = "<group>"; };
		1745E38A2A9F007000898F22 /* PostAndLikeTests.xctest */ = {isa = PBXFileReference; explicitFileType = wrapper.cfbundle; includeInIndex = 0; path = PostAndLikeTests.xctest; sourceTree = BUILT_PRODUCTS_DIR; };
		1745E38E2A9F007000898F22 /* PostAndLikeTests.swift */ = {isa = PBXFileReference; lastKnownFileType = sourcecode.swift; path = PostAndLikeTests.swift; sourceTree = "<group>"; };
		1745E3942A9F007000898F22 /* PostAndLikeUITests.xctest */ = {isa = PBXFileReference; explicitFileType = wrapper.cfbundle; includeInIndex = 0; path = PostAndLikeUITests.xctest; sourceTree = BUILT_PRODUCTS_DIR; };
		1745E3982A9F007000898F22 /* PostAndLikeUITests.swift */ = {isa = PBXFileReference; lastKnownFileType = sourcecode.swift; path = PostAndLikeUITests.swift; sourceTree = "<group>"; };
		1745E39A2A9F007000898F22 /* PostAndLikeUITestsLaunchTests.swift */ = {isa = PBXFileReference; lastKnownFileType = sourcecode.swift; path = PostAndLikeUITestsLaunchTests.swift; sourceTree = "<group>"; };
		1745E3A82A9F049000898F22 /* PostTableViewAdapter.swift */ = {isa = PBXFileReference; lastKnownFileType = sourcecode.swift; path = PostTableViewAdapter.swift; sourceTree = "<group>"; };
		1745E3AB2A9F061600898F22 /* PostTableViewCell.swift */ = {isa = PBXFileReference; lastKnownFileType = sourcecode.swift; path = PostTableViewCell.swift; sourceTree = "<group>"; };
		1745E3AE2A9F083300898F22 /* PostModel.swift */ = {isa = PBXFileReference; lastKnownFileType = sourcecode.swift; path = PostModel.swift; sourceTree = "<group>"; };
		1745E3B12A9F090A00898F22 /* Network.swift */ = {isa = PBXFileReference; lastKnownFileType = sourcecode.swift; path = Network.swift; sourceTree = "<group>"; };
		1745E3B42A9F0BF100898F22 /* Constant.swift */ = {isa = PBXFileReference; lastKnownFileType = sourcecode.swift; path = Constant.swift; sourceTree = "<group>"; };
		1745E3B72A9F0C2300898F22 /* PostViewModel.swift */ = {isa = PBXFileReference; lastKnownFileType = sourcecode.swift; path = PostViewModel.swift; sourceTree = "<group>"; };
		1753CF0B2A9F3D0800906072 /* PostPersistantManager.swift */ = {isa = PBXFileReference; lastKnownFileType = sourcecode.swift; path = PostPersistantManager.swift; sourceTree = "<group>"; };
		1753CF0E2A9FAC7E00906072 /* CommentsViewController.swift */ = {isa = PBXFileReference; lastKnownFileType = sourcecode.swift; path = CommentsViewController.swift; sourceTree = "<group>"; };
		176A7E762AA104A1002330AD /* FavouriteTableViewCell.swift */ = {isa = PBXFileReference; lastKnownFileType = sourcecode.swift; path = FavouriteTableViewCell.swift; sourceTree = "<group>"; };
		176A7E782AA10578002330AD /* FavouriteTableViewAdapter.swift */ = {isa = PBXFileReference; lastKnownFileType = sourcecode.swift; path = FavouriteTableViewAdapter.swift; sourceTree = "<group>"; };
		176A7E7A2AA10D6E002330AD /* FavouriteViewController.swift */ = {isa = PBXFileReference; lastKnownFileType = sourcecode.swift; path = FavouriteViewController.swift; sourceTree = "<group>"; };
		17CF82082AA04A73003485A5 /* CommentsTableviewAdapter.swift */ = {isa = PBXFileReference; lastKnownFileType = sourcecode.swift; path = CommentsTableviewAdapter.swift; sourceTree = "<group>"; };
		17CF820A2AA04AFE003485A5 /* CommentsViewModel.swift */ = {isa = PBXFileReference; lastKnownFileType = sourcecode.swift; path = CommentsViewModel.swift; sourceTree = "<group>"; };
		17CF820D2AA04BA3003485A5 /* RefreshDelegate.swift */ = {isa = PBXFileReference; lastKnownFileType = sourcecode.swift; path = RefreshDelegate.swift; sourceTree = "<group>"; };
		17CF82112AA052D7003485A5 /* CommentsTableViewCell.swift */ = {isa = PBXFileReference; lastKnownFileType = sourcecode.swift; path = CommentsTableViewCell.swift; sourceTree = "<group>"; };
		17CF82132AA084DA003485A5 /* CommentPersistantManager.swift */ = {isa = PBXFileReference; lastKnownFileType = sourcecode.swift; path = CommentPersistantManager.swift; sourceTree = "<group>"; };
		17CF82152AA09435003485A5 /* CommentModel.swift */ = {isa = PBXFileReference; lastKnownFileType = sourcecode.swift; path = CommentModel.swift; sourceTree = "<group>"; };
/* End PBXFileReference section */

/* Begin PBXFrameworksBuildPhase section */
		1745E36E2A9F006F00898F22 /* Frameworks */ = {
			isa = PBXFrameworksBuildPhase;
			buildActionMask = 2147483647;
			files = (
			);
			runOnlyForDeploymentPostprocessing = 0;
		};
		1745E3872A9F007000898F22 /* Frameworks */ = {
			isa = PBXFrameworksBuildPhase;
			buildActionMask = 2147483647;
			files = (
			);
			runOnlyForDeploymentPostprocessing = 0;
		};
		1745E3912A9F007000898F22 /* Frameworks */ = {
			isa = PBXFrameworksBuildPhase;
			buildActionMask = 2147483647;
			files = (
			);
			runOnlyForDeploymentPostprocessing = 0;
		};
/* End PBXFrameworksBuildPhase section */

/* Begin PBXGroup section */
		171B3EB02AA1D37D006ACF4E /* Pattern */ = {
			isa = PBXGroup;
			children = (
				1745E3AD2A9F082700898F22 /* Model */,
				1745E3AA2A9F05FE00898F22 /* TableViewCell */,
				1745E3B62A9F0C1200898F22 /* ViewModel */,
			);
			path = Pattern;
			sourceTree = "<group>";
		};
		1745E3682A9F006F00898F22 = {
			isa = PBXGroup;
			children = (
				1745E3732A9F006F00898F22 /* PostAndLike */,
				1745E38D2A9F007000898F22 /* PostAndLikeTests */,
				1745E3972A9F007000898F22 /* PostAndLikeUITests */,
				1745E3722A9F006F00898F22 /* Products */,
			);
			sourceTree = "<group>";
		};
		1745E3722A9F006F00898F22 /* Products */ = {
			isa = PBXGroup;
			children = (
				1745E3712A9F006F00898F22 /* PostAndLike.app */,
				1745E38A2A9F007000898F22 /* PostAndLikeTests.xctest */,
				1745E3942A9F007000898F22 /* PostAndLikeUITests.xctest */,
			);
			name = Products;
			sourceTree = "<group>";
		};
		1745E3732A9F006F00898F22 /* PostAndLike */ = {
			isa = PBXGroup;
			children = (
				171B3EB02AA1D37D006ACF4E /* Pattern */,
				1753CF0D2A9FAC4300906072 /* Controllers */,
				17CF820C2AA04B79003485A5 /* Delegates */,
				1753CF0A2A9F3CF400906072 /* PersistantManager */,
				1745E3B32A9F0BDC00898F22 /* Constants */,
				1745E3B02A9F08EC00898F22 /* Networking */,
				1745E3A72A9F047D00898F22 /* TableViewAdapter */,
				1745E3742A9F006F00898F22 /* AppDelegate.swift */,
				1745E3762A9F006F00898F22 /* SceneDelegate.swift */,
				1745E37A2A9F006F00898F22 /* Main.storyboard */,
				1745E3802A9F007000898F22 /* Assets.xcassets */,
				1745E3822A9F007000898F22 /* LaunchScreen.storyboard */,
				1745E3852A9F007000898F22 /* Info.plist */,
				1745E37D2A9F006F00898F22 /* PostAndLike.xcdatamodeld */,
			);
			path = PostAndLike;
			sourceTree = "<group>";
		};
		1745E38D2A9F007000898F22 /* PostAndLikeTests */ = {
			isa = PBXGroup;
			children = (
				1745E38E2A9F007000898F22 /* PostAndLikeTests.swift */,
			);
			path = PostAndLikeTests;
			sourceTree = "<group>";
		};
		1745E3972A9F007000898F22 /* PostAndLikeUITests */ = {
			isa = PBXGroup;
			children = (
				1745E3982A9F007000898F22 /* PostAndLikeUITests.swift */,
				1745E39A2A9F007000898F22 /* PostAndLikeUITestsLaunchTests.swift */,
			);
			path = PostAndLikeUITests;
			sourceTree = "<group>";
		};
		1745E3A72A9F047D00898F22 /* TableViewAdapter */ = {
			isa = PBXGroup;
			children = (
				1745E3A82A9F049000898F22 /* PostTableViewAdapter.swift */,
				17CF82082AA04A73003485A5 /* CommentsTableviewAdapter.swift */,
				176A7E782AA10578002330AD /* FavouriteTableViewAdapter.swift */,
			);
			path = TableViewAdapter;
			sourceTree = "<group>";
		};
		1745E3AA2A9F05FE00898F22 /* TableViewCell */ = {
			isa = PBXGroup;
			children = (
				1745E3AB2A9F061600898F22 /* PostTableViewCell.swift */,
				17CF82112AA052D7003485A5 /* CommentsTableViewCell.swift */,
				176A7E762AA104A1002330AD /* FavouriteTableViewCell.swift */,
			);
			path = TableViewCell;
			sourceTree = "<group>";
		};
		1745E3AD2A9F082700898F22 /* Model */ = {
			isa = PBXGroup;
			children = (
				1745E3AE2A9F083300898F22 /* PostModel.swift */,
				17CF82152AA09435003485A5 /* CommentModel.swift */,
			);
			path = Model;
			sourceTree = "<group>";
		};
		1745E3B02A9F08EC00898F22 /* Networking */ = {
			isa = PBXGroup;
			children = (
				1745E3B12A9F090A00898F22 /* Network.swift */,
			);
			path = Networking;
			sourceTree = "<group>";
		};
		1745E3B32A9F0BDC00898F22 /* Constants */ = {
			isa = PBXGroup;
			children = (
				1745E3B42A9F0BF100898F22 /* Constant.swift */,
			);
			path = Constants;
			sourceTree = "<group>";
		};
		1745E3B62A9F0C1200898F22 /* ViewModel */ = {
			isa = PBXGroup;
			children = (
				1745E3B72A9F0C2300898F22 /* PostViewModel.swift */,
				17CF820A2AA04AFE003485A5 /* CommentsViewModel.swift */,
			);
			path = ViewModel;
			sourceTree = "<group>";
		};
		1753CF0A2A9F3CF400906072 /* PersistantManager */ = {
			isa = PBXGroup;
			children = (
				1753CF0B2A9F3D0800906072 /* PostPersistantManager.swift */,
				17CF82132AA084DA003485A5 /* CommentPersistantManager.swift */,
			);
			path = PersistantManager;
			sourceTree = "<group>";
		};
		1753CF0D2A9FAC4300906072 /* Controllers */ = {
			isa = PBXGroup;
			children = (
				1745E3782A9F006F00898F22 /* PostViewController.swift */,
				1753CF0E2A9FAC7E00906072 /* CommentsViewController.swift */,
				176A7E7A2AA10D6E002330AD /* FavouriteViewController.swift */,
			);
			path = Controllers;
			sourceTree = "<group>";
		};
		17CF820C2AA04B79003485A5 /* Delegates */ = {
			isa = PBXGroup;
			children = (
				17CF820D2AA04BA3003485A5 /* RefreshDelegate.swift */,
				171B3EAE2AA1A175006ACF4E /* ButtonTapDelegate.swift */,
			);
			path = Delegates;
			sourceTree = "<group>";
		};
/* End PBXGroup section */

/* Begin PBXNativeTarget section */
		1745E3702A9F006F00898F22 /* PostAndLike */ = {
			isa = PBXNativeTarget;
			buildConfigurationList = 1745E39E2A9F007000898F22 /* Build configuration list for PBXNativeTarget "PostAndLike" */;
			buildPhases = (
				1745E36D2A9F006F00898F22 /* Sources */,
				1745E36E2A9F006F00898F22 /* Frameworks */,
				1745E36F2A9F006F00898F22 /* Resources */,
			);
			buildRules = (
			);
			dependencies = (
			);
			name = PostAndLike;
			productName = PostAndLike;
			productReference = 1745E3712A9F006F00898F22 /* PostAndLike.app */;
			productType = "com.apple.product-type.application";
		};
		1745E3892A9F007000898F22 /* PostAndLikeTests */ = {
			isa = PBXNativeTarget;
			buildConfigurationList = 1745E3A12A9F007000898F22 /* Build configuration list for PBXNativeTarget "PostAndLikeTests" */;
			buildPhases = (
				1745E3862A9F007000898F22 /* Sources */,
				1745E3872A9F007000898F22 /* Frameworks */,
				1745E3882A9F007000898F22 /* Resources */,
			);
			buildRules = (
			);
			dependencies = (
				1745E38C2A9F007000898F22 /* PBXTargetDependency */,
			);
			name = PostAndLikeTests;
			productName = PostAndLikeTests;
			productReference = 1745E38A2A9F007000898F22 /* PostAndLikeTests.xctest */;
			productType = "com.apple.product-type.bundle.unit-test";
		};
		1745E3932A9F007000898F22 /* PostAndLikeUITests */ = {
			isa = PBXNativeTarget;
			buildConfigurationList = 1745E3A42A9F007000898F22 /* Build configuration list for PBXNativeTarget "PostAndLikeUITests" */;
			buildPhases = (
				1745E3902A9F007000898F22 /* Sources */,
				1745E3912A9F007000898F22 /* Frameworks */,
				1745E3922A9F007000898F22 /* Resources */,
			);
			buildRules = (
			);
			dependencies = (
				1745E3962A9F007000898F22 /* PBXTargetDependency */,
			);
			name = PostAndLikeUITests;
			productName = PostAndLikeUITests;
			productReference = 1745E3942A9F007000898F22 /* PostAndLikeUITests.xctest */;
			productType = "com.apple.product-type.bundle.ui-testing";
		};
/* End PBXNativeTarget section */

/* Begin PBXProject section */
		1745E3692A9F006F00898F22 /* Project object */ = {
			isa = PBXProject;
			attributes = {
				BuildIndependentTargetsInParallel = 1;
				LastSwiftUpdateCheck = 1430;
				LastUpgradeCheck = 1430;
				TargetAttributes = {
					1745E3702A9F006F00898F22 = {
						CreatedOnToolsVersion = 14.3;
					};
					1745E3892A9F007000898F22 = {
						CreatedOnToolsVersion = 14.3;
						TestTargetID = 1745E3702A9F006F00898F22;
					};
					1745E3932A9F007000898F22 = {
						CreatedOnToolsVersion = 14.3;
						TestTargetID = 1745E3702A9F006F00898F22;
					};
				};
			};
			buildConfigurationList = 1745E36C2A9F006F00898F22 /* Build configuration list for PBXProject "PostAndLike" */;
			compatibilityVersion = "Xcode 14.0";
			developmentRegion = en;
			hasScannedForEncodings = 0;
			knownRegions = (
				en,
				Base,
			);
			mainGroup = 1745E3682A9F006F00898F22;
			productRefGroup = 1745E3722A9F006F00898F22 /* Products */;
			projectDirPath = "";
			projectRoot = "";
			targets = (
				1745E3702A9F006F00898F22 /* PostAndLike */,
				1745E3892A9F007000898F22 /* PostAndLikeTests */,
				1745E3932A9F007000898F22 /* PostAndLikeUITests */,
			);
		};
/* End PBXProject section */

/* Begin PBXResourcesBuildPhase section */
		1745E36F2A9F006F00898F22 /* Resources */ = {
			isa = PBXResourcesBuildPhase;
			buildActionMask = 2147483647;
			files = (
				1745E3842A9F007000898F22 /* LaunchScreen.storyboard in Resources */,
				1745E3812A9F007000898F22 /* Assets.xcassets in Resources */,
				1745E37C2A9F006F00898F22 /* Main.storyboard in Resources */,
			);
			runOnlyForDeploymentPostprocessing = 0;
		};
		1745E3882A9F007000898F22 /* Resources */ = {
			isa = PBXResourcesBuildPhase;
			buildActionMask = 2147483647;
			files = (
			);
			runOnlyForDeploymentPostprocessing = 0;
		};
		1745E3922A9F007000898F22 /* Resources */ = {
			isa = PBXResourcesBuildPhase;
			buildActionMask = 2147483647;
			files = (
			);
			runOnlyForDeploymentPostprocessing = 0;
		};
/* End PBXResourcesBuildPhase section */

/* Begin PBXSourcesBuildPhase section */
		1745E36D2A9F006F00898F22 /* Sources */ = {
			isa = PBXSourcesBuildPhase;
			buildActionMask = 2147483647;
			files = (
				1745E3B82A9F0C2300898F22 /* PostViewModel.swift in Sources */,
				1745E3792A9F006F00898F22 /* PostViewController.swift in Sources */,
				17CF82142AA084DA003485A5 /* CommentPersistantManager.swift in Sources */,
				176A7E772AA104A1002330AD /* FavouriteTableViewCell.swift in Sources */,
				1745E3AF2A9F083300898F22 /* PostModel.swift in Sources */,
				1753CF0C2A9F3D0800906072 /* PostPersistantManager.swift in Sources */,
				1745E3B52A9F0BF100898F22 /* Constant.swift in Sources */,
				17CF82092AA04A73003485A5 /* CommentsTableviewAdapter.swift in Sources */,
				1745E3B22A9F090A00898F22 /* Network.swift in Sources */,
				1745E3752A9F006F00898F22 /* AppDelegate.swift in Sources */,
				17CF82162AA09435003485A5 /* CommentModel.swift in Sources */,
				1745E37F2A9F006F00898F22 /* PostAndLike.xcdatamodeld in Sources */,
				17CF82122AA052D7003485A5 /* CommentsTableViewCell.swift in Sources */,
				1753CF0F2A9FAC7E00906072 /* CommentsViewController.swift in Sources */,
				1745E3A92A9F049000898F22 /* PostTableViewAdapter.swift in Sources */,
				17CF820E2AA04BA3003485A5 /* RefreshDelegate.swift in Sources */,
				1745E3772A9F006F00898F22 /* SceneDelegate.swift in Sources */,
				171B3EAF2AA1A175006ACF4E /* ButtonTapDelegate.swift in Sources */,
				176A7E7B2AA10D6E002330AD /* FavouriteViewController.swift in Sources */,
				176A7E792AA10578002330AD /* FavouriteTableViewAdapter.swift in Sources */,
				17CF820B2AA04AFE003485A5 /* CommentsViewModel.swift in Sources */,
				1745E3AC2A9F061600898F22 /* PostTableViewCell.swift in Sources */,
			);
			runOnlyForDeploymentPostprocessing = 0;
		};
		1745E3862A9F007000898F22 /* Sources */ = {
			isa = PBXSourcesBuildPhase;
			buildActionMask = 2147483647;
			files = (
				1745E38F2A9F007000898F22 /* PostAndLikeTests.swift in Sources */,
			);
			runOnlyForDeploymentPostprocessing = 0;
		};
		1745E3902A9F007000898F22 /* Sources */ = {
			isa = PBXSourcesBuildPhase;
			buildActionMask = 2147483647;
			files = (
				1745E3992A9F007000898F22 /* PostAndLikeUITests.swift in Sources */,
				1745E39B2A9F007000898F22 /* PostAndLikeUITestsLaunchTests.swift in Sources */,
			);
			runOnlyForDeploymentPostprocessing = 0;
		};
/* End PBXSourcesBuildPhase section */

/* Begin PBXTargetDependency section */
		1745E38C2A9F007000898F22 /* PBXTargetDependency */ = {
			isa = PBXTargetDependency;
			target = 1745E3702A9F006F00898F22 /* PostAndLike */;
			targetProxy = 1745E38B2A9F007000898F22 /* PBXContainerItemProxy */;
		};
		1745E3962A9F007000898F22 /* PBXTargetDependency */ = {
			isa = PBXTargetDependency;
			target = 1745E3702A9F006F00898F22 /* PostAndLike */;
			targetProxy = 1745E3952A9F007000898F22 /* PBXContainerItemProxy */;
		};
/* End PBXTargetDependency section */

/* Begin PBXVariantGroup section */
		1745E37A2A9F006F00898F22 /* Main.storyboard */ = {
			isa = PBXVariantGroup;
			children = (
				1745E37B2A9F006F00898F22 /* Base */,
			);
			name = Main.storyboard;
			sourceTree = "<group>";
		};
		1745E3822A9F007000898F22 /* LaunchScreen.storyboard */ = {
			isa = PBXVariantGroup;
			children = (
				1745E3832A9F007000898F22 /* Base */,
			);
			name = LaunchScreen.storyboard;
			sourceTree = "<group>";
		};
/* End PBXVariantGroup section */

/* Begin XCBuildConfiguration section */
		1745E39C2A9F007000898F22 /* Debug */ = {
			isa = XCBuildConfiguration;
			buildSettings = {
				ALWAYS_SEARCH_USER_PATHS = NO;
				CLANG_ANALYZER_NONNULL = YES;
				CLANG_ANALYZER_NUMBER_OBJECT_CONVERSION = YES_AGGRESSIVE;
				CLANG_CXX_LANGUAGE_STANDARD = "gnu++20";
				CLANG_ENABLE_MODULES = YES;
				CLANG_ENABLE_OBJC_ARC = YES;
				CLANG_ENABLE_OBJC_WEAK = YES;
				CLANG_WARN_BLOCK_CAPTURE_AUTORELEASING = YES;
				CLANG_WARN_BOOL_CONVERSION = YES;
				CLANG_WARN_COMMA = YES;
				CLANG_WARN_CONSTANT_CONVERSION = YES;
				CLANG_WARN_DEPRECATED_OBJC_IMPLEMENTATIONS = YES;
				CLANG_WARN_DIRECT_OBJC_ISA_USAGE = YES_ERROR;
				CLANG_WARN_DOCUMENTATION_COMMENTS = YES;
				CLANG_WARN_EMPTY_BODY = YES;
				CLANG_WARN_ENUM_CONVERSION = YES;
				CLANG_WARN_INFINITE_RECURSION = YES;
				CLANG_WARN_INT_CONVERSION = YES;
				CLANG_WARN_NON_LITERAL_NULL_CONVERSION = YES;
				CLANG_WARN_OBJC_IMPLICIT_RETAIN_SELF = YES;
				CLANG_WARN_OBJC_LITERAL_CONVERSION = YES;
				CLANG_WARN_OBJC_ROOT_CLASS = YES_ERROR;
				CLANG_WARN_QUOTED_INCLUDE_IN_FRAMEWORK_HEADER = YES;
				CLANG_WARN_RANGE_LOOP_ANALYSIS = YES;
				CLANG_WARN_STRICT_PROTOTYPES = YES;
				CLANG_WARN_SUSPICIOUS_MOVE = YES;
				CLANG_WARN_UNGUARDED_AVAILABILITY = YES_AGGRESSIVE;
				CLANG_WARN_UNREACHABLE_CODE = YES;
				CLANG_WARN__DUPLICATE_METHOD_MATCH = YES;
				COPY_PHASE_STRIP = NO;
				DEBUG_INFORMATION_FORMAT = dwarf;
				ENABLE_STRICT_OBJC_MSGSEND = YES;
				ENABLE_TESTABILITY = YES;
				GCC_C_LANGUAGE_STANDARD = gnu11;
				GCC_DYNAMIC_NO_PIC = NO;
				GCC_NO_COMMON_BLOCKS = YES;
				GCC_OPTIMIZATION_LEVEL = 0;
				GCC_PREPROCESSOR_DEFINITIONS = (
					"DEBUG=1",
					"$(inherited)",
				);
				GCC_WARN_64_TO_32_BIT_CONVERSION = YES;
				GCC_WARN_ABOUT_RETURN_TYPE = YES_ERROR;
				GCC_WARN_UNDECLARED_SELECTOR = YES;
				GCC_WARN_UNINITIALIZED_AUTOS = YES_AGGRESSIVE;
				GCC_WARN_UNUSED_FUNCTION = YES;
				GCC_WARN_UNUSED_VARIABLE = YES;
				IPHONEOS_DEPLOYMENT_TARGET = 16.4;
				MTL_ENABLE_DEBUG_INFO = INCLUDE_SOURCE;
				MTL_FAST_MATH = YES;
				ONLY_ACTIVE_ARCH = YES;
				SDKROOT = iphoneos;
				SWIFT_ACTIVE_COMPILATION_CONDITIONS = DEBUG;
				SWIFT_OPTIMIZATION_LEVEL = "-Onone";
			};
			name = Debug;
		};
		1745E39D2A9F007000898F22 /* Release */ = {
			isa = XCBuildConfiguration;
			buildSettings = {
				ALWAYS_SEARCH_USER_PATHS = NO;
				CLANG_ANALYZER_NONNULL = YES;
				CLANG_ANALYZER_NUMBER_OBJECT_CONVERSION = YES_AGGRESSIVE;
				CLANG_CXX_LANGUAGE_STANDARD = "gnu++20";
				CLANG_ENABLE_MODULES = YES;
				CLANG_ENABLE_OBJC_ARC = YES;
				CLANG_ENABLE_OBJC_WEAK = YES;
				CLANG_WARN_BLOCK_CAPTURE_AUTORELEASING = YES;
				CLANG_WARN_BOOL_CONVERSION = YES;
				CLANG_WARN_COMMA = YES;
				CLANG_WARN_CONSTANT_CONVERSION = YES;
				CLANG_WARN_DEPRECATED_OBJC_IMPLEMENTATIONS = YES;
				CLANG_WARN_DIRECT_OBJC_ISA_USAGE = YES_ERROR;
				CLANG_WARN_DOCUMENTATION_COMMENTS = YES;
				CLANG_WARN_EMPTY_BODY = YES;
				CLANG_WARN_ENUM_CONVERSION = YES;
				CLANG_WARN_INFINITE_RECURSION = YES;
				CLANG_WARN_INT_CONVERSION = YES;
				CLANG_WARN_NON_LITERAL_NULL_CONVERSION = YES;
				CLANG_WARN_OBJC_IMPLICIT_RETAIN_SELF = YES;
				CLANG_WARN_OBJC_LITERAL_CONVERSION = YES;
				CLANG_WARN_OBJC_ROOT_CLASS = YES_ERROR;
				CLANG_WARN_QUOTED_INCLUDE_IN_FRAMEWORK_HEADER = YES;
				CLANG_WARN_RANGE_LOOP_ANALYSIS = YES;
				CLANG_WARN_STRICT_PROTOTYPES = YES;
				CLANG_WARN_SUSPICIOUS_MOVE = YES;
				CLANG_WARN_UNGUARDED_AVAILABILITY = YES_AGGRESSIVE;
				CLANG_WARN_UNREACHABLE_CODE = YES;
				CLANG_WARN__DUPLICATE_METHOD_MATCH = YES;
				COPY_PHASE_STRIP = NO;
				DEBUG_INFORMATION_FORMAT = "dwarf-with-dsym";
				ENABLE_NS_ASSERTIONS = NO;
				ENABLE_STRICT_OBJC_MSGSEND = YES;
				GCC_C_LANGUAGE_STANDARD = gnu11;
				GCC_NO_COMMON_BLOCKS = YES;
				GCC_WARN_64_TO_32_BIT_CONVERSION = YES;
				GCC_WARN_ABOUT_RETURN_TYPE = YES_ERROR;
				GCC_WARN_UNDECLARED_SELECTOR = YES;
				GCC_WARN_UNINITIALIZED_AUTOS = YES_AGGRESSIVE;
				GCC_WARN_UNUSED_FUNCTION = YES;
				GCC_WARN_UNUSED_VARIABLE = YES;
				IPHONEOS_DEPLOYMENT_TARGET = 16.4;
				MTL_ENABLE_DEBUG_INFO = NO;
				MTL_FAST_MATH = YES;
				SDKROOT = iphoneos;
				SWIFT_COMPILATION_MODE = wholemodule;
				SWIFT_OPTIMIZATION_LEVEL = "-O";
				VALIDATE_PRODUCT = YES;
			};
			name = Release;
		};
		1745E39F2A9F007000898F22 /* Debug */ = {
			isa = XCBuildConfiguration;
			buildSettings = {
				ASSETCATALOG_COMPILER_APPICON_NAME = AppIcon;
				ASSETCATALOG_COMPILER_GLOBAL_ACCENT_COLOR_NAME = AccentColor;
				CODE_SIGN_STYLE = Automatic;
				CURRENT_PROJECT_VERSION = 1;
				DEVELOPMENT_TEAM = 668SDSDP2X;
				GENERATE_INFOPLIST_FILE = YES;
				INFOPLIST_FILE = PostAndLike/Info.plist;
				INFOPLIST_KEY_UIApplicationSupportsIndirectInputEvents = YES;
				INFOPLIST_KEY_UILaunchStoryboardName = LaunchScreen;
				INFOPLIST_KEY_UIMainStoryboardFile = Main;
				INFOPLIST_KEY_UISupportedInterfaceOrientations_iPad = "UIInterfaceOrientationPortrait UIInterfaceOrientationPortraitUpsideDown UIInterfaceOrientationLandscapeLeft UIInterfaceOrientationLandscapeRight";
				INFOPLIST_KEY_UISupportedInterfaceOrientations_iPhone = "UIInterfaceOrientationPortrait UIInterfaceOrientationLandscapeLeft UIInterfaceOrientationLandscapeRight";
				LD_RUNPATH_SEARCH_PATHS = (
					"$(inherited)",
					"@executable_path/Frameworks",
				);
				MARKETING_VERSION = 1.0;
				PRODUCT_BUNDLE_IDENTIFIER = com.feed.PostAndLike;
				PRODUCT_NAME = "$(TARGET_NAME)";
				SWIFT_EMIT_LOC_STRINGS = YES;
				SWIFT_VERSION = 5.0;
				TARGETED_DEVICE_FAMILY = "1,2";
			};
			name = Debug;
		};
		1745E3A02A9F007000898F22 /* Release */ = {
			isa = XCBuildConfiguration;
			buildSettings = {
				ASSETCATALOG_COMPILER_APPICON_NAME = AppIcon;
				ASSETCATALOG_COMPILER_GLOBAL_ACCENT_COLOR_NAME = AccentColor;
				CODE_SIGN_STYLE = Automatic;
				CURRENT_PROJECT_VERSION = 1;
				DEVELOPMENT_TEAM = 668SDSDP2X;
				GENERATE_INFOPLIST_FILE = YES;
				INFOPLIST_FILE = PostAndLike/Info.plist;
				INFOPLIST_KEY_UIApplicationSupportsIndirectInputEvents = YES;
				INFOPLIST_KEY_UILaunchStoryboardName = LaunchScreen;
				INFOPLIST_KEY_UIMainStoryboardFile = Main;
				INFOPLIST_KEY_UISupportedInterfaceOrientations_iPad = "UIInterfaceOrientationPortrait UIInterfaceOrientationPortraitUpsideDown UIInterfaceOrientationLandscapeLeft UIInterfaceOrientationLandscapeRight";
				INFOPLIST_KEY_UISupportedInterfaceOrientations_iPhone = "UIInterfaceOrientationPortrait UIInterfaceOrientationLandscapeLeft UIInterfaceOrientationLandscapeRight";
				LD_RUNPATH_SEARCH_PATHS = (
					"$(inherited)",
					"@executable_path/Frameworks",
				);
				MARKETING_VERSION = 1.0;
				PRODUCT_BUNDLE_IDENTIFIER = com.feed.PostAndLike;
				PRODUCT_NAME = "$(TARGET_NAME)";
				SWIFT_EMIT_LOC_STRINGS = YES;
				SWIFT_VERSION = 5.0;
				TARGETED_DEVICE_FAMILY = "1,2";
			};
			name = Release;
		};
		1745E3A22A9F007000898F22 /* Debug */ = {
			isa = XCBuildConfiguration;
			buildSettings = {
				ALWAYS_EMBED_SWIFT_STANDARD_LIBRARIES = YES;
				BUNDLE_LOADER = "$(TEST_HOST)";
				CODE_SIGN_STYLE = Automatic;
				CURRENT_PROJECT_VERSION = 1;
				GENERATE_INFOPLIST_FILE = YES;
				IPHONEOS_DEPLOYMENT_TARGET = 16.4;
				MARKETING_VERSION = 1.0;
				PRODUCT_BUNDLE_IDENTIFIER = com.feed.PostAndLikeTests;
				PRODUCT_NAME = "$(TARGET_NAME)";
				SWIFT_EMIT_LOC_STRINGS = NO;
				SWIFT_VERSION = 5.0;
				TARGETED_DEVICE_FAMILY = "1,2";
				TEST_HOST = "$(BUILT_PRODUCTS_DIR)/PostAndLike.app/$(BUNDLE_EXECUTABLE_FOLDER_PATH)/PostAndLike";
			};
			name = Debug;
		};
		1745E3A32A9F007000898F22 /* Release */ = {
			isa = XCBuildConfiguration;
			buildSettings = {
				ALWAYS_EMBED_SWIFT_STANDARD_LIBRARIES = YES;
				BUNDLE_LOADER = "$(TEST_HOST)";
				CODE_SIGN_STYLE = Automatic;
				CURRENT_PROJECT_VERSION = 1;
				GENERATE_INFOPLIST_FILE = YES;
				IPHONEOS_DEPLOYMENT_TARGET = 16.4;
				MARKETING_VERSION = 1.0;
				PRODUCT_BUNDLE_IDENTIFIER = com.feed.PostAndLikeTests;
				PRODUCT_NAME = "$(TARGET_NAME)";
				SWIFT_EMIT_LOC_STRINGS = NO;
				SWIFT_VERSION = 5.0;
				TARGETED_DEVICE_FAMILY = "1,2";
				TEST_HOST = "$(BUILT_PRODUCTS_DIR)/PostAndLike.app/$(BUNDLE_EXECUTABLE_FOLDER_PATH)/PostAndLike";
			};
			name = Release;
		};
		1745E3A52A9F007000898F22 /* Debug */ = {
			isa = XCBuildConfiguration;
			buildSettings = {
				ALWAYS_EMBED_SWIFT_STANDARD_LIBRARIES = YES;
				CODE_SIGN_STYLE = Automatic;
				CURRENT_PROJECT_VERSION = 1;
				GENERATE_INFOPLIST_FILE = YES;
				MARKETING_VERSION = 1.0;
				PRODUCT_BUNDLE_IDENTIFIER = com.feed.PostAndLikeUITests;
				PRODUCT_NAME = "$(TARGET_NAME)";
				SWIFT_EMIT_LOC_STRINGS = NO;
				SWIFT_VERSION = 5.0;
				TARGETED_DEVICE_FAMILY = "1,2";
				TEST_TARGET_NAME = PostAndLike;
			};
			name = Debug;
		};
		1745E3A62A9F007000898F22 /* Release */ = {
			isa = XCBuildConfiguration;
			buildSettings = {
				ALWAYS_EMBED_SWIFT_STANDARD_LIBRARIES = YES;
				CODE_SIGN_STYLE = Automatic;
				CURRENT_PROJECT_VERSION = 1;
				GENERATE_INFOPLIST_FILE = YES;
				MARKETING_VERSION = 1.0;
				PRODUCT_BUNDLE_IDENTIFIER = com.feed.PostAndLikeUITests;
				PRODUCT_NAME = "$(TARGET_NAME)";
				SWIFT_EMIT_LOC_STRINGS = NO;
				SWIFT_VERSION = 5.0;
				TARGETED_DEVICE_FAMILY = "1,2";
				TEST_TARGET_NAME = PostAndLike;
			};
			name = Release;
		};
/* End XCBuildConfiguration section */

/* Begin XCConfigurationList section */
		1745E36C2A9F006F00898F22 /* Build configuration list for PBXProject "PostAndLike" */ = {
			isa = XCConfigurationList;
			buildConfigurations = (
				1745E39C2A9F007000898F22 /* Debug */,
				1745E39D2A9F007000898F22 /* Release */,
			);
			defaultConfigurationIsVisible = 0;
			defaultConfigurationName = Release;
		};
		1745E39E2A9F007000898F22 /* Build configuration list for PBXNativeTarget "PostAndLike" */ = {
			isa = XCConfigurationList;
			buildConfigurations = (
				1745E39F2A9F007000898F22 /* Debug */,
				1745E3A02A9F007000898F22 /* Release */,
			);
			defaultConfigurationIsVisible = 0;
			defaultConfigurationName = Release;
		};
		1745E3A12A9F007000898F22 /* Build configuration list for PBXNativeTarget "PostAndLikeTests" */ = {
			isa = XCConfigurationList;
			buildConfigurations = (
				1745E3A22A9F007000898F22 /* Debug */,
				1745E3A32A9F007000898F22 /* Release */,
			);
			defaultConfigurationIsVisible = 0;
			defaultConfigurationName = Release;
		};
		1745E3A42A9F007000898F22 /* Build configuration list for PBXNativeTarget "PostAndLikeUITests" */ = {
			isa = XCConfigurationList;
			buildConfigurations = (
				1745E3A52A9F007000898F22 /* Debug */,
				1745E3A62A9F007000898F22 /* Release */,
			);
			defaultConfigurationIsVisible = 0;
			defaultConfigurationName = Release;
		};
/* End XCConfigurationList section */

/* Begin XCVersionGroup section */
		1745E37D2A9F006F00898F22 /* PostAndLike.xcdatamodeld */ = {
			isa = XCVersionGroup;
			children = (
				1745E37E2A9F006F00898F22 /* PostAndLike.xcdatamodel */,
			);
			currentVersion = 1745E37E2A9F006F00898F22 /* PostAndLike.xcdatamodel */;
			path = PostAndLike.xcdatamodeld;
			sourceTree = "<group>";
			versionGroupType = wrapper.xcdatamodel;
		};
/* End XCVersionGroup section */
	};
	rootObject = 1745E3692A9F006F00898F22 /* Project object */;
}
